// !$*UTF8*$!
{
	archiveVersion = 1;
	classes = {
	};
	objectVersion = 48;
	objects = {

/* Begin PBXBuildFile section */
		CFECDAF8207CC0CF00AF568C /* Main.storyboard in Resources */ = {isa = PBXBuildFile; fileRef = CFECDAF6207CC0CF00AF568C /* Main.storyboard */; };
		CFECDAFA207CC0CF00AF568C /* Assets.xcassets in Resources */ = {isa = PBXBuildFile; fileRef = CFECDAF9207CC0CF00AF568C /* Assets.xcassets */; };
		CFECDAFD207CC0CF00AF568C /* LaunchScreen.storyboard in Resources */ = {isa = PBXBuildFile; fileRef = CFECDAFB207CC0CF00AF568C /* LaunchScreen.storyboard */; };
		CFECDB0A207CC0CF00AF568C /* LYEasyCameraTests.m in Sources */ = {isa = PBXBuildFile; fileRef = CFECDB09207CC0CF00AF568C /* LYEasyCameraTests.m */; };
		CFECDB15207CC0CF00AF568C /* LYEasyCameraUITests.m in Sources */ = {isa = PBXBuildFile; fileRef = CFECDB14207CC0CF00AF568C /* LYEasyCameraUITests.m */; };
		CFECDB2C207DB05C00AF568C /* AppDelegate.m in Sources */ = {isa = PBXBuildFile; fileRef = CFECDB24207DB05C00AF568C /* AppDelegate.m */; };
		CFECDB2F207F41E200AF568C /* LYViewModel.m in Sources */ = {isa = PBXBuildFile; fileRef = CFECDB2E207F41E200AF568C /* LYViewModel.m */; };
		CFECDB38207F45FC00AF568C /* Info.plist in Resources */ = {isa = PBXBuildFile; fileRef = CFECDB36207F45FC00AF568C /* Info.plist */; };
		CFECDB39207F45FC00AF568C /* main.m in Sources */ = {isa = PBXBuildFile; fileRef = CFECDB37207F45FC00AF568C /* main.m */; };
		CFFC921A20908E90009508D3 /* LYBaseViewController.m in Sources */ = {isa = PBXBuildFile; fileRef = CFFC921920908E90009508D3 /* LYBaseViewController.m */; };
		CFFC922520918167009508D3 /* UIViewController+LYHideShadowLine.m in Sources */ = {isa = PBXBuildFile; fileRef = CFFC922420918167009508D3 /* UIViewController+LYHideShadowLine.m */; };
		D1A0DE13A860F9D8925A952C /* libPods-LYEasyCamera.a in Frameworks */ = {isa = PBXBuildFile; fileRef = F038A732CC328BFCC1DE6AAD /* libPods-LYEasyCamera.a */; };
/* End PBXBuildFile section */

/* Begin PBXContainerItemProxy section */
		CFECDB06207CC0CF00AF568C /* PBXContainerItemProxy */ = {
			isa = PBXContainerItemProxy;
			containerPortal = CFECDAE5207CC0CF00AF568C /* Project object */;
			proxyType = 1;
			remoteGlobalIDString = CFECDAEC207CC0CF00AF568C;
			remoteInfo = LYEasyCamera;
		};
		CFECDB11207CC0CF00AF568C /* PBXContainerItemProxy */ = {
			isa = PBXContainerItemProxy;
			containerPortal = CFECDAE5207CC0CF00AF568C /* Project object */;
			proxyType = 1;
			remoteGlobalIDString = CFECDAEC207CC0CF00AF568C;
			remoteInfo = LYEasyCamera;
		};
/* End PBXContainerItemProxy section */

/* Begin PBXFileReference section */
		444ED84BDAB0C9FD4418B841 /* Pods-LYEasyCamera.debug.xcconfig */ = {isa = PBXFileReference; includeInIndex = 1; lastKnownFileType = text.xcconfig; name = "Pods-LYEasyCamera.debug.xcconfig"; path = "Pods/Target Support Files/Pods-LYEasyCamera/Pods-LYEasyCamera.debug.xcconfig"; sourceTree = "<group>"; };
		82BBBD66E459694E19460FE9 /* Pods-LYEasyCamera.release.xcconfig */ = {isa = PBXFileReference; includeInIndex = 1; lastKnownFileType = text.xcconfig; name = "Pods-LYEasyCamera.release.xcconfig"; path = "Pods/Target Support Files/Pods-LYEasyCamera/Pods-LYEasyCamera.release.xcconfig"; sourceTree = "<group>"; };
		CFECDAED207CC0CF00AF568C /* LYEasyCamera.app */ = {isa = PBXFileReference; explicitFileType = wrapper.application; includeInIndex = 0; path = LYEasyCamera.app; sourceTree = BUILT_PRODUCTS_DIR; };
		CFECDAF7207CC0CF00AF568C /* Base */ = {isa = PBXFileReference; lastKnownFileType = file.storyboard; name = Base; path = Base.lproj/Main.storyboard; sourceTree = "<group>"; };
		CFECDAF9207CC0CF00AF568C /* Assets.xcassets */ = {isa = PBXFileReference; lastKnownFileType = folder.assetcatalog; path = Assets.xcassets; sourceTree = "<group>"; };
		CFECDAFC207CC0CF00AF568C /* Base */ = {isa = PBXFileReference; lastKnownFileType = file.storyboard; name = Base; path = Base.lproj/LaunchScreen.storyboard; sourceTree = "<group>"; };
		CFECDB05207CC0CF00AF568C /* LYEasyCameraTests.xctest */ = {isa = PBXFileReference; explicitFileType = wrapper.cfbundle; includeInIndex = 0; path = LYEasyCameraTests.xctest; sourceTree = BUILT_PRODUCTS_DIR; };
		CFECDB09207CC0CF00AF568C /* LYEasyCameraTests.m */ = {isa = PBXFileReference; lastKnownFileType = sourcecode.c.objc; path = LYEasyCameraTests.m; sourceTree = "<group>"; };
		CFECDB0B207CC0CF00AF568C /* Info.plist */ = {isa = PBXFileReference; lastKnownFileType = text.plist.xml; path = Info.plist; sourceTree = "<group>"; };
		CFECDB10207CC0CF00AF568C /* LYEasyCameraUITests.xctest */ = {isa = PBXFileReference; explicitFileType = wrapper.cfbundle; includeInIndex = 0; path = LYEasyCameraUITests.xctest; sourceTree = BUILT_PRODUCTS_DIR; };
		CFECDB14207CC0CF00AF568C /* LYEasyCameraUITests.m */ = {isa = PBXFileReference; lastKnownFileType = sourcecode.c.objc; path = LYEasyCameraUITests.m; sourceTree = "<group>"; };
		CFECDB16207CC0CF00AF568C /* Info.plist */ = {isa = PBXFileReference; lastKnownFileType = text.plist.xml; path = Info.plist; sourceTree = "<group>"; };
		CFECDB23207DB05C00AF568C /* AppDelegate.h */ = {isa = PBXFileReference; fileEncoding = 4; lastKnownFileType = sourcecode.c.h; path = AppDelegate.h; sourceTree = "<group>"; };
		CFECDB24207DB05C00AF568C /* AppDelegate.m */ = {isa = PBXFileReference; fileEncoding = 4; lastKnownFileType = sourcecode.c.objc; path = AppDelegate.m; sourceTree = "<group>"; };
		CFECDB2D207F41E200AF568C /* LYViewModel.h */ = {isa = PBXFileReference; lastKnownFileType = sourcecode.c.h; path = LYViewModel.h; sourceTree = "<group>"; };
		CFECDB2E207F41E200AF568C /* LYViewModel.m */ = {isa = PBXFileReference; lastKnownFileType = sourcecode.c.objc; path = LYViewModel.m; sourceTree = "<group>"; };
		CFECDB35207F432C00AF568C /* LYEasyCameraHeader.h */ = {isa = PBXFileReference; lastKnownFileType = sourcecode.c.h; path = LYEasyCameraHeader.h; sourceTree = "<group>"; };
		CFECDB36207F45FC00AF568C /* Info.plist */ = {isa = PBXFileReference; fileEncoding = 4; lastKnownFileType = text.plist.xml; name = Info.plist; path = LYEasyCamera/Info.plist; sourceTree = SOURCE_ROOT; };
		CFECDB37207F45FC00AF568C /* main.m */ = {isa = PBXFileReference; fileEncoding = 4; lastKnownFileType = sourcecode.c.objc; name = main.m; path = LYEasyCamera/main.m; sourceTree = SOURCE_ROOT; };
		CFFC921620908171009508D3 /* LYViewModelProtocolImpl.h */ = {isa = PBXFileReference; lastKnownFileType = sourcecode.c.h; path = LYViewModelProtocolImpl.h; sourceTree = "<group>"; };
		CFFC9217209081C3009508D3 /* LYViewModelService.h */ = {isa = PBXFileReference; lastKnownFileType = sourcecode.c.h; path = LYViewModelService.h; sourceTree = "<group>"; };
		CFFC921820908E90009508D3 /* LYBaseViewController.h */ = {isa = PBXFileReference; lastKnownFileType = sourcecode.c.h; path = LYBaseViewController.h; sourceTree = "<group>"; };
		CFFC921920908E90009508D3 /* LYBaseViewController.m */ = {isa = PBXFileReference; lastKnownFileType = sourcecode.c.objc; path = LYBaseViewController.m; sourceTree = "<group>"; };
		CFFC921E209180B1009508D3 /* LYConfig.h */ = {isa = PBXFileReference; fileEncoding = 4; lastKnownFileType = sourcecode.c.h; path = LYConfig.h; sourceTree = "<group>"; };
		CFFC922320918167009508D3 /* UIViewController+LYHideShadowLine.h */ = {isa = PBXFileReference; lastKnownFileType = sourcecode.c.h; path = "UIViewController+LYHideShadowLine.h"; sourceTree = "<group>"; };
		CFFC922420918167009508D3 /* UIViewController+LYHideShadowLine.m */ = {isa = PBXFileReference; lastKnownFileType = sourcecode.c.objc; path = "UIViewController+LYHideShadowLine.m"; sourceTree = "<group>"; };
		F038A732CC328BFCC1DE6AAD /* libPods-LYEasyCamera.a */ = {isa = PBXFileReference; explicitFileType = archive.ar; includeInIndex = 0; path = "libPods-LYEasyCamera.a"; sourceTree = BUILT_PRODUCTS_DIR; };
/* End PBXFileReference section */

/* Begin PBXFrameworksBuildPhase section */
		CFECDAEA207CC0CF00AF568C /* Frameworks */ = {
			isa = PBXFrameworksBuildPhase;
			buildActionMask = 2147483647;
			files = (
				D1A0DE13A860F9D8925A952C /* libPods-LYEasyCamera.a in Frameworks */,
			);
			runOnlyForDeploymentPostprocessing = 0;
		};
		CFECDB02207CC0CF00AF568C /* Frameworks */ = {
			isa = PBXFrameworksBuildPhase;
			buildActionMask = 2147483647;
			files = (
			);
			runOnlyForDeploymentPostprocessing = 0;
		};
		CFECDB0D207CC0CF00AF568C /* Frameworks */ = {
			isa = PBXFrameworksBuildPhase;
			buildActionMask = 2147483647;
			files = (
			);
			runOnlyForDeploymentPostprocessing = 0;
		};
/* End PBXFrameworksBuildPhase section */

/* Begin PBXGroup section */
		89B85FC46E97E71312785D3F /* Pods */ = {
			isa = PBXGroup;
			children = (
				444ED84BDAB0C9FD4418B841 /* Pods-LYEasyCamera.debug.xcconfig */,
				82BBBD66E459694E19460FE9 /* Pods-LYEasyCamera.release.xcconfig */,
			);
			name = Pods;
			sourceTree = "<group>";
		};
		CFECDAE4207CC0CF00AF568C = {
			isa = PBXGroup;
			children = (
				CFECDAEF207CC0CF00AF568C /* LYEasyCamera */,
				CFECDB08207CC0CF00AF568C /* LYEasyCameraTests */,
				CFECDB13207CC0CF00AF568C /* LYEasyCameraUITests */,
				CFECDAEE207CC0CF00AF568C /* Products */,
				89B85FC46E97E71312785D3F /* Pods */,
				E7543B4567D7C709E1A24E14 /* Frameworks */,
			);
			sourceTree = "<group>";
		};
		CFECDAEE207CC0CF00AF568C /* Products */ = {
			isa = PBXGroup;
			children = (
				CFECDAED207CC0CF00AF568C /* LYEasyCamera.app */,
				CFECDB05207CC0CF00AF568C /* LYEasyCameraTests.xctest */,
				CFECDB10207CC0CF00AF568C /* LYEasyCameraUITests.xctest */,
			);
			name = Products;
			sourceTree = "<group>";
		};
		CFECDAEF207CC0CF00AF568C /* LYEasyCamera */ = {
			isa = PBXGroup;
			children = (
				CFFC921B2091650E009508D3 /* Tool */,
				CFECDB30207F42F300AF568C /* Other */,
				CFECDB22207DB05C00AF568C /* Application */,
				CFECDB25207DB05C00AF568C /* Classes */,
				CFECDAF6207CC0CF00AF568C /* Main.storyboard */,
				CFECDAF9207CC0CF00AF568C /* Assets.xcassets */,
				CFECDAFB207CC0CF00AF568C /* LaunchScreen.storyboard */,
			);
			path = LYEasyCamera;
			sourceTree = "<group>";
		};
		CFECDB08207CC0CF00AF568C /* LYEasyCameraTests */ = {
			isa = PBXGroup;
			children = (
				CFECDB09207CC0CF00AF568C /* LYEasyCameraTests.m */,
				CFECDB0B207CC0CF00AF568C /* Info.plist */,
			);
			path = LYEasyCameraTests;
			sourceTree = "<group>";
		};
		CFECDB13207CC0CF00AF568C /* LYEasyCameraUITests */ = {
			isa = PBXGroup;
			children = (
				CFECDB14207CC0CF00AF568C /* LYEasyCameraUITests.m */,
				CFECDB16207CC0CF00AF568C /* Info.plist */,
			);
			path = LYEasyCameraUITests;
			sourceTree = "<group>";
		};
		CFECDB22207DB05C00AF568C /* Application */ = {
			isa = PBXGroup;
			children = (
				CFECDB23207DB05C00AF568C /* AppDelegate.h */,
				CFECDB24207DB05C00AF568C /* AppDelegate.m */,
			);
			path = Application;
			sourceTree = "<group>";
		};
		CFECDB25207DB05C00AF568C /* Classes */ = {
			isa = PBXGroup;
			children = (
				CFECDB26207DB05C00AF568C /* Main */,
			);
			path = Classes;
			sourceTree = "<group>";
		};
		CFECDB26207DB05C00AF568C /* Main */ = {
			isa = PBXGroup;
			children = (
				CFECDB27207DB05C00AF568C /* Config */,
				CFECDB28207DB05C00AF568C /* Base */,
			);
			path = Main;
			sourceTree = "<group>";
		};
		CFECDB27207DB05C00AF568C /* Config */ = {
			isa = PBXGroup;
			children = (
			);
			path = Config;
			sourceTree = "<group>";
		};
		CFECDB28207DB05C00AF568C /* Base */ = {
			isa = PBXGroup;
			children = (
				CFECDB29207DB05C00AF568C /* ViewModel */,
				CFECDB2A207DB05C00AF568C /* Controller */,
				CFECDB2B207DB05C00AF568C /* Model */,
			);
			path = Base;
			sourceTree = "<group>";
		};
		CFECDB29207DB05C00AF568C /* ViewModel */ = {
			isa = PBXGroup;
			children = (
				CFECDB2D207F41E200AF568C /* LYViewModel.h */,
				CFECDB2E207F41E200AF568C /* LYViewModel.m */,
				CFFC9217209081C3009508D3 /* LYViewModelService.h */,
			);
			path = ViewModel;
			sourceTree = "<group>";
		};
		CFECDB2A207DB05C00AF568C /* Controller */ = {
			isa = PBXGroup;
			children = (
				CFFC921820908E90009508D3 /* LYBaseViewController.h */,
				CFFC921920908E90009508D3 /* LYBaseViewController.m */,
			);
			path = Controller;
			sourceTree = "<group>";
		};
		CFECDB2B207DB05C00AF568C /* Model */ = {
			isa = PBXGroup;
			children = (
				CFFC921620908171009508D3 /* LYViewModelProtocolImpl.h */,
			);
			path = Model;
			sourceTree = "<group>";
		};
		CFECDB30207F42F300AF568C /* Other */ = {
			isa = PBXGroup;
			children = (
				CFECDB36207F45FC00AF568C /* Info.plist */,
				CFECDB37207F45FC00AF568C /* main.m */,
				CFECDB35207F432C00AF568C /* LYEasyCameraHeader.h */,
			);
			path = Other;
			sourceTree = "<group>";
		};
		CFFC921B2091650E009508D3 /* Tool */ = {
			isa = PBXGroup;
			children = (
				CFFC921F209180B1009508D3 /* Category */,
				CFFC921D209180B1009508D3 /* Configure */,
			);
			path = Tool;
			sourceTree = "<group>";
		};
		CFFC921D209180B1009508D3 /* Configure */ = {
			isa = PBXGroup;
			children = (
				CFFC921E209180B1009508D3 /* LYConfig.h */,
			);
			path = Configure;
			sourceTree = "<group>";
		};
		CFFC921F209180B1009508D3 /* Category */ = {
			isa = PBXGroup;
			children = (
				CFFC922320918167009508D3 /* UIViewController+LYHideShadowLine.h */,
				CFFC922420918167009508D3 /* UIViewController+LYHideShadowLine.m */,
			);
			path = Category;
			sourceTree = "<group>";
		};
		E7543B4567D7C709E1A24E14 /* Frameworks */ = {
			isa = PBXGroup;
			children = (
				F038A732CC328BFCC1DE6AAD /* libPods-LYEasyCamera.a */,
			);
			name = Frameworks;
			sourceTree = "<group>";
		};
/* End PBXGroup section */

/* Begin PBXNativeTarget section */
		CFECDAEC207CC0CF00AF568C /* LYEasyCamera */ = {
			isa = PBXNativeTarget;
			buildConfigurationList = CFECDB19207CC0CF00AF568C /* Build configuration list for PBXNativeTarget "LYEasyCamera" */;
			buildPhases = (
				3EF8EB11F7C0068161A28FB8 /* [CP] Check Pods Manifest.lock */,
				CFECDAE9207CC0CF00AF568C /* Sources */,
				CFECDAEA207CC0CF00AF568C /* Frameworks */,
				CFECDAEB207CC0CF00AF568C /* Resources */,
				C9D092C321DB04392925E7D1 /* [CP] Embed Pods Frameworks */,
				E68A03C5E7C853C713683A71 /* [CP] Copy Pods Resources */,
			);
			buildRules = (
			);
			dependencies = (
			);
			name = LYEasyCamera;
			productName = LYEasyCamera;
			productReference = CFECDAED207CC0CF00AF568C /* LYEasyCamera.app */;
			productType = "com.apple.product-type.application";
		};
		CFECDB04207CC0CF00AF568C /* LYEasyCameraTests */ = {
			isa = PBXNativeTarget;
			buildConfigurationList = CFECDB1C207CC0CF00AF568C /* Build configuration list for PBXNativeTarget "LYEasyCameraTests" */;
			buildPhases = (
				CFECDB01207CC0CF00AF568C /* Sources */,
				CFECDB02207CC0CF00AF568C /* Frameworks */,
				CFECDB03207CC0CF00AF568C /* Resources */,
			);
			buildRules = (
			);
			dependencies = (
				CFECDB07207CC0CF00AF568C /* PBXTargetDependency */,
			);
			name = LYEasyCameraTests;
			productName = LYEasyCameraTests;
			productReference = CFECDB05207CC0CF00AF568C /* LYEasyCameraTests.xctest */;
			productType = "com.apple.product-type.bundle.unit-test";
		};
		CFECDB0F207CC0CF00AF568C /* LYEasyCameraUITests */ = {
			isa = PBXNativeTarget;
			buildConfigurationList = CFECDB1F207CC0CF00AF568C /* Build configuration list for PBXNativeTarget "LYEasyCameraUITests" */;
			buildPhases = (
				CFECDB0C207CC0CF00AF568C /* Sources */,
				CFECDB0D207CC0CF00AF568C /* Frameworks */,
				CFECDB0E207CC0CF00AF568C /* Resources */,
			);
			buildRules = (
			);
			dependencies = (
				CFECDB12207CC0CF00AF568C /* PBXTargetDependency */,
			);
			name = LYEasyCameraUITests;
			productName = LYEasyCameraUITests;
			productReference = CFECDB10207CC0CF00AF568C /* LYEasyCameraUITests.xctest */;
			productType = "com.apple.product-type.bundle.ui-testing";
		};
/* End PBXNativeTarget section */

/* Begin PBXProject section */
		CFECDAE5207CC0CF00AF568C /* Project object */ = {
			isa = PBXProject;
			attributes = {
				LastUpgradeCheck = 0920;
				ORGANIZATIONNAME = LYOUNG_iOS;
				TargetAttributes = {
					CFECDAEC207CC0CF00AF568C = {
						CreatedOnToolsVersion = 9.2;
						ProvisioningStyle = Automatic;
					};
					CFECDB04207CC0CF00AF568C = {
						CreatedOnToolsVersion = 9.2;
						ProvisioningStyle = Automatic;
						TestTargetID = CFECDAEC207CC0CF00AF568C;
					};
					CFECDB0F207CC0CF00AF568C = {
						CreatedOnToolsVersion = 9.2;
						ProvisioningStyle = Automatic;
						TestTargetID = CFECDAEC207CC0CF00AF568C;
					};
				};
			};
			buildConfigurationList = CFECDAE8207CC0CF00AF568C /* Build configuration list for PBXProject "LYEasyCamera" */;
			compatibilityVersion = "Xcode 8.0";
			developmentRegion = en;
			hasScannedForEncodings = 0;
			knownRegions = (
				en,
				Base,
			);
			mainGroup = CFECDAE4207CC0CF00AF568C;
			productRefGroup = CFECDAEE207CC0CF00AF568C /* Products */;
			projectDirPath = "";
			projectRoot = "";
			targets = (
				CFECDAEC207CC0CF00AF568C /* LYEasyCamera */,
				CFECDB04207CC0CF00AF568C /* LYEasyCameraTests */,
				CFECDB0F207CC0CF00AF568C /* LYEasyCameraUITests */,
			);
		};
/* End PBXProject section */

/* Begin PBXResourcesBuildPhase section */
		CFECDAEB207CC0CF00AF568C /* Resources */ = {
			isa = PBXResourcesBuildPhase;
			buildActionMask = 2147483647;
			files = (
				CFECDB38207F45FC00AF568C /* Info.plist in Resources */,
				CFECDAFD207CC0CF00AF568C /* LaunchScreen.storyboard in Resources */,
				CFECDAFA207CC0CF00AF568C /* Assets.xcassets in Resources */,
				CFECDAF8207CC0CF00AF568C /* Main.storyboard in Resources */,
			);
			runOnlyForDeploymentPostprocessing = 0;
		};
		CFECDB03207CC0CF00AF568C /* Resources */ = {
			isa = PBXResourcesBuildPhase;
			buildActionMask = 2147483647;
			files = (
			);
			runOnlyForDeploymentPostprocessing = 0;
		};
		CFECDB0E207CC0CF00AF568C /* Resources */ = {
			isa = PBXResourcesBuildPhase;
			buildActionMask = 2147483647;
			files = (
			);
			runOnlyForDeploymentPostprocessing = 0;
		};
/* End PBXResourcesBuildPhase section */

/* Begin PBXShellScriptBuildPhase section */
		3EF8EB11F7C0068161A28FB8 /* [CP] Check Pods Manifest.lock */ = {
			isa = PBXShellScriptBuildPhase;
			buildActionMask = 2147483647;
			files = (
			);
			inputPaths = (
				"${PODS_PODFILE_DIR_PATH}/Podfile.lock",
				"${PODS_ROOT}/Manifest.lock",
			);
			name = "[CP] Check Pods Manifest.lock";
			outputPaths = (
				"$(DERIVED_FILE_DIR)/Pods-LYEasyCamera-checkManifestLockResult.txt",
			);
			runOnlyForDeploymentPostprocessing = 0;
			shellPath = /bin/sh;
			shellScript = "diff \"${PODS_PODFILE_DIR_PATH}/Podfile.lock\" \"${PODS_ROOT}/Manifest.lock\" > /dev/null\nif [ $? != 0 ] ; then\n    # print error to STDERR\n    echo \"error: The sandbox is not in sync with the Podfile.lock. Run 'pod install' or update your CocoaPods installation.\" >&2\n    exit 1\nfi\n# This output is used by Xcode 'outputs' to avoid re-running this script phase.\necho \"SUCCESS\" > \"${SCRIPT_OUTPUT_FILE_0}\"\n";
			showEnvVarsInLog = 0;
		};
		C9D092C321DB04392925E7D1 /* [CP] Embed Pods Frameworks */ = {
			isa = PBXShellScriptBuildPhase;
			buildActionMask = 2147483647;
			files = (
			);
			inputPaths = (
			);
			name = "[CP] Embed Pods Frameworks";
			outputPaths = (
			);
			runOnlyForDeploymentPostprocessing = 0;
			shellPath = /bin/sh;
			shellScript = "\"${SRCROOT}/Pods/Target Support Files/Pods-LYEasyCamera/Pods-LYEasyCamera-frameworks.sh\"\n";
			showEnvVarsInLog = 0;
		};
		E68A03C5E7C853C713683A71 /* [CP] Copy Pods Resources */ = {
			isa = PBXShellScriptBuildPhase;
			buildActionMask = 2147483647;
			files = (
			);
			inputPaths = (
				"${SRCROOT}/Pods/Target Support Files/Pods-LYEasyCamera/Pods-LYEasyCamera-resources.sh",
				"${PODS_ROOT}/IQKeyboardManager/IQKeyboardManager/Resources/IQKeyboardManager.bundle",
				"${PODS_ROOT}/JGProgressHUD/JGProgressHUD/Resources/jg_hud_error.png",
				"${PODS_ROOT}/JGProgressHUD/JGProgressHUD/Resources/jg_hud_error@2x.png",
				"${PODS_ROOT}/JGProgressHUD/JGProgressHUD/Resources/jg_hud_error@3x.png",
				"${PODS_ROOT}/JGProgressHUD/JGProgressHUD/Resources/jg_hud_success.png",
				"${PODS_ROOT}/JGProgressHUD/JGProgressHUD/Resources/jg_hud_success@2x.png",
				"${PODS_ROOT}/JGProgressHUD/JGProgressHUD/Resources/jg_hud_success@3x.png",
			);
			name = "[CP] Copy Pods Resources";
			outputPaths = (
				"${TARGET_BUILD_DIR}/${UNLOCALIZED_RESOURCES_FOLDER_PATH}",
			);
			runOnlyForDeploymentPostprocessing = 0;
			shellPath = /bin/sh;
			shellScript = "\"${SRCROOT}/Pods/Target Support Files/Pods-LYEasyCamera/Pods-LYEasyCamera-resources.sh\"\n";
			showEnvVarsInLog = 0;
		};
/* End PBXShellScriptBuildPhase section */

/* Begin PBXSourcesBuildPhase section */
		CFECDAE9207CC0CF00AF568C /* Sources */ = {
			isa = PBXSourcesBuildPhase;
			buildActionMask = 2147483647;
			files = (
				CFFC922520918167009508D3 /* UIViewController+LYHideShadowLine.m in Sources */,
				CFFC921A20908E90009508D3 /* LYBaseViewController.m in Sources */,
				CFECDB2F207F41E200AF568C /* LYViewModel.m in Sources */,
				CFECDB39207F45FC00AF568C /* main.m in Sources */,
				CFECDB2C207DB05C00AF568C /* AppDelegate.m in Sources */,
			);
			runOnlyForDeploymentPostprocessing = 0;
		};
		CFECDB01207CC0CF00AF568C /* Sources */ = {
			isa = PBXSourcesBuildPhase;
			buildActionMask = 2147483647;
			files = (
				CFECDB0A207CC0CF00AF568C /* LYEasyCameraTests.m in Sources */,
			);
			runOnlyForDeploymentPostprocessing = 0;
		};
		CFECDB0C207CC0CF00AF568C /* Sources */ = {
			isa = PBXSourcesBuildPhase;
			buildActionMask = 2147483647;
			files = (
				CFECDB15207CC0CF00AF568C /* LYEasyCameraUITests.m in Sources */,
			);
			runOnlyForDeploymentPostprocessing = 0;
		};
/* End PBXSourcesBuildPhase section */

/* Begin PBXTargetDependency section */
		CFECDB07207CC0CF00AF568C /* PBXTargetDependency */ = {
			isa = PBXTargetDependency;
			target = CFECDAEC207CC0CF00AF568C /* LYEasyCamera */;
			targetProxy = CFECDB06207CC0CF00AF568C /* PBXContainerItemProxy */;
		};
		CFECDB12207CC0CF00AF568C /* PBXTargetDependency */ = {
			isa = PBXTargetDependency;
			target = CFECDAEC207CC0CF00AF568C /* LYEasyCamera */;
			targetProxy = CFECDB11207CC0CF00AF568C /* PBXContainerItemProxy */;
		};
/* End PBXTargetDependency section */

/* Begin PBXVariantGroup section */
		CFECDAF6207CC0CF00AF568C /* Main.storyboard */ = {
			isa = PBXVariantGroup;
			children = (
				CFECDAF7207CC0CF00AF568C /* Base */,
			);
			name = Main.storyboard;
			sourceTree = "<group>";
		};
		CFECDAFB207CC0CF00AF568C /* LaunchScreen.storyboard */ = {
			isa = PBXVariantGroup;
			children = (
				CFECDAFC207CC0CF00AF568C /* Base */,
			);
			name = LaunchScreen.storyboard;
			sourceTree = "<group>";
		};
/* End PBXVariantGroup section */

/* Begin XCBuildConfiguration section */
		CFECDB17207CC0CF00AF568C /* Debug */ = {
			isa = XCBuildConfiguration;
			buildSettings = {
				ALWAYS_SEARCH_USER_PATHS = NO;
				CLANG_ANALYZER_NONNULL = YES;
				CLANG_ANALYZER_NUMBER_OBJECT_CONVERSION = YES_AGGRESSIVE;
				CLANG_CXX_LANGUAGE_STANDARD = "gnu++14";
				CLANG_CXX_LIBRARY = "libc++";
				CLANG_ENABLE_MODULES = YES;
				CLANG_ENABLE_OBJC_ARC = YES;
				CLANG_WARN_BLOCK_CAPTURE_AUTORELEASING = YES;
				CLANG_WARN_BOOL_CONVERSION = YES;
				CLANG_WARN_COMMA = YES;
				CLANG_WARN_CONSTANT_CONVERSION = YES;
				CLANG_WARN_DIRECT_OBJC_ISA_USAGE = YES_ERROR;
				CLANG_WARN_DOCUMENTATION_COMMENTS = YES;
				CLANG_WARN_EMPTY_BODY = YES;
				CLANG_WARN_ENUM_CONVERSION = YES;
				CLANG_WARN_INFINITE_RECURSION = YES;
				CLANG_WARN_INT_CONVERSION = YES;
				CLANG_WARN_NON_LITERAL_NULL_CONVERSION = YES;
				CLANG_WARN_OBJC_LITERAL_CONVERSION = YES;
				CLANG_WARN_OBJC_ROOT_CLASS = YES_ERROR;
				CLANG_WARN_RANGE_LOOP_ANALYSIS = YES;
				CLANG_WARN_STRICT_PROTOTYPES = YES;
				CLANG_WARN_SUSPICIOUS_MOVE = YES;
				CLANG_WARN_UNGUARDED_AVAILABILITY = YES_AGGRESSIVE;
				CLANG_WARN_UNREACHABLE_CODE = YES;
				CLANG_WARN__DUPLICATE_METHOD_MATCH = YES;
				CODE_SIGN_IDENTITY = "iPhone Developer";
				COPY_PHASE_STRIP = NO;
				DEBUG_INFORMATION_FORMAT = dwarf;
				ENABLE_STRICT_OBJC_MSGSEND = YES;
				ENABLE_TESTABILITY = YES;
				GCC_C_LANGUAGE_STANDARD = gnu11;
				GCC_DYNAMIC_NO_PIC = NO;
				GCC_NO_COMMON_BLOCKS = YES;
				GCC_OPTIMIZATION_LEVEL = 0;
				GCC_PREPROCESSOR_DEFINITIONS = (
					"DEBUG=1",
					"$(inherited)",
				);
				GCC_WARN_64_TO_32_BIT_CONVERSION = YES;
				GCC_WARN_ABOUT_RETURN_TYPE = YES_ERROR;
				GCC_WARN_UNDECLARED_SELECTOR = YES;
				GCC_WARN_UNINITIALIZED_AUTOS = YES_AGGRESSIVE;
				GCC_WARN_UNUSED_FUNCTION = YES;
				GCC_WARN_UNUSED_VARIABLE = YES;
				IPHONEOS_DEPLOYMENT_TARGET = 11.2;
				MTL_ENABLE_DEBUG_INFO = YES;
				ONLY_ACTIVE_ARCH = YES;
				SDKROOT = iphoneos;
			};
			name = Debug;
		};
		CFECDB18207CC0CF00AF568C /* Release */ = {
			isa = XCBuildConfiguration;
			buildSettings = {
				ALWAYS_SEARCH_USER_PATHS = NO;
				CLANG_ANALYZER_NONNULL = YES;
				CLANG_ANALYZER_NUMBER_OBJECT_CONVERSION = YES_AGGRESSIVE;
				CLANG_CXX_LANGUAGE_STANDARD = "gnu++14";
				CLANG_CXX_LIBRARY = "libc++";
				CLANG_ENABLE_MODULES = YES;
				CLANG_ENABLE_OBJC_ARC = YES;
				CLANG_WARN_BLOCK_CAPTURE_AUTORELEASING = YES;
				CLANG_WARN_BOOL_CONVERSION = YES;
				CLANG_WARN_COMMA = YES;
				CLANG_WARN_CONSTANT_CONVERSION = YES;
				CLANG_WARN_DIRECT_OBJC_ISA_USAGE = YES_ERROR;
				CLANG_WARN_DOCUMENTATION_COMMENTS = YES;
				CLANG_WARN_EMPTY_BODY = YES;
				CLANG_WARN_ENUM_CONVERSION = YES;
				CLANG_WARN_INFINITE_RECURSION = YES;
				CLANG_WARN_INT_CONVERSION = YES;
				CLANG_WARN_NON_LITERAL_NULL_CONVERSION = YES;
				CLANG_WARN_OBJC_LITERAL_CONVERSION = YES;
				CLANG_WARN_OBJC_ROOT_CLASS = YES_ERROR;
				CLANG_WARN_RANGE_LOOP_ANALYSIS = YES;
				CLANG_WARN_STRICT_PROTOTYPES = YES;
				CLANG_WARN_SUSPICIOUS_MOVE = YES;
				CLANG_WARN_UNGUARDED_AVAILABILITY = YES_AGGRESSIVE;
				CLANG_WARN_UNREACHABLE_CODE = YES;
				CLANG_WARN__DUPLICATE_METHOD_MATCH = YES;
				CODE_SIGN_IDENTITY = "iPhone Developer";
				COPY_PHASE_STRIP = NO;
				DEBUG_INFORMATION_FORMAT = "dwarf-with-dsym";
				ENABLE_NS_ASSERTIONS = NO;
				ENABLE_STRICT_OBJC_MSGSEND = YES;
				GCC_C_LANGUAGE_STANDARD = gnu11;
				GCC_NO_COMMON_BLOCKS = YES;
				GCC_WARN_64_TO_32_BIT_CONVERSION = YES;
				GCC_WARN_ABOUT_RETURN_TYPE = YES_ERROR;
				GCC_WARN_UNDECLARED_SELECTOR = YES;
				GCC_WARN_UNINITIALIZED_AUTOS = YES_AGGRESSIVE;
				GCC_WARN_UNUSED_FUNCTION = YES;
				GCC_WARN_UNUSED_VARIABLE = YES;
				IPHONEOS_DEPLOYMENT_TARGET = 11.2;
				MTL_ENABLE_DEBUG_INFO = NO;
				SDKROOT = iphoneos;
				VALIDATE_PRODUCT = YES;
			};
			name = Release;
		};
		CFECDB1A207CC0CF00AF568C /* Debug */ = {
			isa = XCBuildConfiguration;
			baseConfigurationReference = 444ED84BDAB0C9FD4418B841 /* Pods-LYEasyCamera.debug.xcconfig */;
			buildSettings = {
				ASSETCATALOG_COMPILER_APPICON_NAME = AppIcon;
				CODE_SIGN_STYLE = Automatic;
				DEVELOPMENT_TEAM = 385BQG9LRC;
				GCC_PREFIX_HEADER = /Users/zhongjinzaixian/Documents/MT_EasyCamera/LYEasyCamera/LYEasyCamera/Other/LYEasyCameraHeader.h;
				INFOPLIST_FILE = LYEasyCamera/Info.plist;
				LD_RUNPATH_SEARCH_PATHS = "$(inherited) @executable_path/Frameworks";
				PRODUCT_BUNDLE_IDENTIFIER = com.mita.LYEasyCamera;
				PRODUCT_NAME = "$(TARGET_NAME)";
				TARGETED_DEVICE_FAMILY = "1,2";
				WARNING_CFLAGS = (
					"-Wno-unguarded-availability",
					"-Wno-strict-prototypes",
				);
			};
			name = Debug;
		};
		CFECDB1B207CC0CF00AF568C /* Release */ = {
			isa = XCBuildConfiguration;
			baseConfigurationReference = 82BBBD66E459694E19460FE9 /* Pods-LYEasyCamera.release.xcconfig */;
			buildSettings = {
				ASSETCATALOG_COMPILER_APPICON_NAME = AppIcon;
				CODE_SIGN_STYLE = Automatic;
				DEVELOPMENT_TEAM = 385BQG9LRC;
				GCC_PREFIX_HEADER = /Users/zhongjinzaixian/Documents/MT_EasyCamera/LYEasyCamera/LYEasyCamera/Other/LYEasyCameraHeader.h;
				INFOPLIST_FILE = LYEasyCamera/Info.plist;
				LD_RUNPATH_SEARCH_PATHS = "$(inherited) @executable_path/Frameworks";
				PRODUCT_BUNDLE_IDENTIFIER = com.mita.LYEasyCamera;
				PRODUCT_NAME = "$(TARGET_NAME)";
				TARGETED_DEVICE_FAMILY = "1,2";
				WARNING_CFLAGS = (
					"-Wno-unguarded-availability",
					"-Wno-strict-prototypes",
				);
			};
			name = Release;
		};
		CFECDB1D207CC0CF00AF568C /* Debug */ = {
			isa = XCBuildConfiguration;
			buildSettings = {
				BUNDLE_LOADER = "$(TEST_HOST)";
				CODE_SIGN_STYLE = Automatic;
				DEVELOPMENT_TEAM = 385BQG9LRC;
				INFOPLIST_FILE = LYEasyCameraTests/Info.plist;
				LD_RUNPATH_SEARCH_PATHS = "$(inherited) @executable_path/Frameworks @loader_path/Frameworks";
				PRODUCT_BUNDLE_IDENTIFIER = com.mita.LYEasyCamera.LYEasyCameraTests;
				PRODUCT_NAME = "$(TARGET_NAME)";
				TARGETED_DEVICE_FAMILY = "1,2";
				TEST_HOST = "$(BUILT_PRODUCTS_DIR)/LYEasyCamera.app/LYEasyCamera";
			};
			name = Debug;
		};
		CFECDB1E207CC0CF00AF568C /* Release */ = {
			isa = XCBuildConfiguration;
			buildSettings = {
				BUNDLE_LOADER = "$(TEST_HOST)";
				CODE_SIGN_STYLE = Automatic;
				DEVELOPMENT_TEAM = 385BQG9LRC;
				INFOPLIST_FILE = LYEasyCameraTests/Info.plist;
				LD_RUNPATH_SEARCH_PATHS = "$(inherited) @executable_path/Frameworks @loader_path/Frameworks";
				PRODUCT_BUNDLE_IDENTIFIER = com.mita.LYEasyCamera.LYEasyCameraTests;
				PRODUCT_NAME = "$(TARGET_NAME)";
				TARGETED_DEVICE_FAMILY = "1,2";
				TEST_HOST = "$(BUILT_PRODUCTS_DIR)/LYEasyCamera.app/LYEasyCamera";
			};
			name = Release;
		};
		CFECDB20207CC0CF00AF568C /* Debug */ = {
			isa = XCBuildConfiguration;
			buildSettings = {
				CODE_SIGN_STYLE = Automatic;
				DEVELOPMENT_TEAM = 385BQG9LRC;
				INFOPLIST_FILE = LYEasyCameraUITests/Info.plist;
				LD_RUNPATH_SEARCH_PATHS = "$(inherited) @executable_path/Frameworks @loader_path/Frameworks";
				PRODUCT_BUNDLE_IDENTIFIER = com.mita.LYEasyCamera.LYEasyCameraUITests;
				PRODUCT_NAME = "$(TARGET_NAME)";
				TARGETED_DEVICE_FAMILY = "1,2";
				TEST_TARGET_NAME = LYEasyCamera;
			};
			name = Debug;
		};
		CFECDB21207CC0CF00AF568C /* Release */ = {
			isa = XCBuildConfiguration;
			buildSettings = {
				CODE_SIGN_STYLE = Automatic;
				DEVELOPMENT_TEAM = 385BQG9LRC;
				INFOPLIST_FILE = LYEasyCameraUITests/Info.plist;
				LD_RUNPATH_SEARCH_PATHS = "$(inherited) @executable_path/Frameworks @loader_path/Frameworks";
				PRODUCT_BUNDLE_IDENTIFIER = com.mita.LYEasyCamera.LYEasyCameraUITests;
				PRODUCT_NAME = "$(TARGET_NAME)";
				TARGETED_DEVICE_FAMILY = "1,2";
				TEST_TARGET_NAME = LYEasyCamera;
			};
			name = Release;
		};
/* End XCBuildConfiguration section */

/* Begin XCConfigurationList section */
		CFECDAE8207CC0CF00AF568C /* Build configuration list for PBXProject "LYEasyCamera" */ = {
			isa = XCConfigurationList;
			buildConfigurations = (
				CFECDB17207CC0CF00AF568C /* Debug */,
				CFECDB18207CC0CF00AF568C /* Release */,
			);
			defaultConfigurationIsVisible = 0;
			defaultConfigurationName = Release;
		};
		CFECDB19207CC0CF00AF568C /* Build configuration list for PBXNativeTarget "LYEasyCamera" */ = {
			isa = XCConfigurationList;
			buildConfigurations = (
				CFECDB1A207CC0CF00AF568C /* Debug */,
				CFECDB1B207CC0CF00AF568C /* Release */,
			);
			defaultConfigurationIsVisible = 0;
			defaultConfigurationName = Release;
		};
		CFECDB1C207CC0CF00AF568C /* Build configuration list for PBXNativeTarget "LYEasyCameraTests" */ = {
			isa = XCConfigurationList;
			buildConfigurations = (
				CFECDB1D207CC0CF00AF568C /* Debug */,
				CFECDB1E207CC0CF00AF568C /* Release */,
			);
			defaultConfigurationIsVisible = 0;
			defaultConfigurationName = Release;
		};
		CFECDB1F207CC0CF00AF568C /* Build configuration list for PBXNativeTarget "LYEasyCameraUITests" */ = {
			isa = XCConfigurationList;
			buildConfigurations = (
				CFECDB20207CC0CF00AF568C /* Debug */,
				CFECDB21207CC0CF00AF568C /* Release */,
			);
			defaultConfigurationIsVisible = 0;
			defaultConfigurationName = Release;
		};
/* End XCConfigurationList section */
	};
	rootObject = CFECDAE5207CC0CF00AF568C /* Project object */;
}
